
Microsoft Visual Studio Solution File, Format Version 12.00
# Visual Studio Version 16
VisualStudioVersion = 16.0.30907.101
MinimumVisualStudioVersion = 10.0.40219.1
Project("{FAE04EC0-301F-11D3-BF4B-00C04F79EFBC}") = "Average_WithDataInObjects", "Average_WithDataInObjects.csproj", "{864FB820-58FC-4010-85BD-6820E8E0AB26}"
EndProject
Global
	GlobalSection(SolutionConfigurationPlatforms) = preSolution
		Debug|Any CPU = Debug|Any CPU
		Release|Any CPU = Release|Any CPU
	EndGlobalSection
	GlobalSection(ProjectConfigurationPlatforms) = postSolution
		{864FB820-58FC-4010-85BD-6820E8E0AB26}.Debug|Any CPU.ActiveCfg = Debug|Any CPU
		{864FB820-58FC-4010-85BD-6820E8E0AB26}.Debug|Any CPU.Build.0 = Debug|Any CPU
		{864FB820-58FC-4010-85BD-6820E8E0AB26}.Release|Any CPU.ActiveCfg = Release|Any CPU
		{864FB820-58FC-4010-85BD-6820E8E0AB26}.Release|Any CPU.Build.0 = Release|Any CPU
	EndGlobalSection
	GlobalSection(SolutionProperties) = preSolution
		HideSolutionNode = FALSE
	EndGlobalSection
	GlobalSection(ExtensibilityGlobals) = postSolution
		SolutionGuid = {CA04853C-1809-4C6E-8ADC-EEF9EE643BD1}
	EndGlobalSection
EndGlobal
