
Microsoft Visual Studio Solution File, Format Version 12.00
# Visual Studio Version 16
VisualStudioVersion = 16.0.30907.101
MinimumVisualStudioVersion = 10.0.40219.1
Project("{FAE04EC0-301F-11D3-BF4B-00C04F79EFBC}") = "DictionaryExample", "DictionaryExample.csproj", "{21DD922C-B9F4-465B-BDFD-961B9898EA85}"
EndProject
Global
	GlobalSection(SolutionConfigurationPlatforms) = preSolution
		Debug|Any CPU = Debug|Any CPU
		Release|Any CPU = Release|Any CPU
	EndGlobalSection
	GlobalSection(ProjectConfigurationPlatforms) = postSolution
		{21DD922C-B9F4-465B-BDFD-961B9898EA85}.Debug|Any CPU.ActiveCfg = Debug|Any CPU
		{21DD922C-B9F4-465B-BDFD-961B9898EA85}.Debug|Any CPU.Build.0 = Debug|Any CPU
		{21DD922C-B9F4-465B-BDFD-961B9898EA85}.Release|Any CPU.ActiveCfg = Release|Any CPU
		{21DD922C-B9F4-465B-BDFD-961B9898EA85}.Release|Any CPU.Build.0 = Release|Any CPU
	EndGlobalSection
	GlobalSection(SolutionProperties) = preSolution
		HideSolutionNode = FALSE
	EndGlobalSection
	GlobalSection(ExtensibilityGlobals) = postSolution
		SolutionGuid = {1DC042C3-269A-4A04-92D1-B06AC408832C}
	EndGlobalSection
EndGlobal
