
Microsoft Visual Studio Solution File, Format Version 12.00
# Visual Studio Version 16
VisualStudioVersion = 16.0.28803.156
MinimumVisualStudioVersion = 10.0.40219.1
Project("{9A19103F-16F7-4668-BE54-9A1E7A4F7556}") = "LibraryWithArrays", "LibraryWithArrays\LibraryWithArrays.csproj", "{98CC7C62-A1DC-411F-A350-5065B3D8E671}"
EndProject
Project("{FAE04EC0-301F-11D3-BF4B-00C04F79EFBC}") = "LibraryTests", "LibraryTests\LibraryTests.csproj", "{321E83DA-0881-47D1-9E72-C6014C5AC502}"
EndProject
Global
	GlobalSection(SolutionConfigurationPlatforms) = preSolution
		Debug|Any CPU = Debug|Any CPU
		Release|Any CPU = Release|Any CPU
	EndGlobalSection
	GlobalSection(ProjectConfigurationPlatforms) = postSolution
		{98CC7C62-A1DC-411F-A350-5065B3D8E671}.Debug|Any CPU.ActiveCfg = Debug|Any CPU
		{98CC7C62-A1DC-411F-A350-5065B3D8E671}.Debug|Any CPU.Build.0 = Debug|Any CPU
		{98CC7C62-A1DC-411F-A350-5065B3D8E671}.Release|Any CPU.ActiveCfg = Release|Any CPU
		{98CC7C62-A1DC-411F-A350-5065B3D8E671}.Release|Any CPU.Build.0 = Release|Any CPU
		{321E83DA-0881-47D1-9E72-C6014C5AC502}.Debug|Any CPU.ActiveCfg = Debug|Any CPU
		{321E83DA-0881-47D1-9E72-C6014C5AC502}.Debug|Any CPU.Build.0 = Debug|Any CPU
		{321E83DA-0881-47D1-9E72-C6014C5AC502}.Release|Any CPU.ActiveCfg = Release|Any CPU
		{321E83DA-0881-47D1-9E72-C6014C5AC502}.Release|Any CPU.Build.0 = Release|Any CPU
	EndGlobalSection
	GlobalSection(SolutionProperties) = preSolution
		HideSolutionNode = FALSE
	EndGlobalSection
	GlobalSection(ExtensibilityGlobals) = postSolution
		SolutionGuid = {B400DA9C-05D3-4616-9749-1EAB633F38DD}
	EndGlobalSection
EndGlobal
