
Microsoft Visual Studio Solution File, Format Version 12.00
# Visual Studio Version 16
VisualStudioVersion = 16.0.30907.101
MinimumVisualStudioVersion = 10.0.40219.1
Project("{FAE04EC0-301F-11D3-BF4B-00C04F79EFBC}") = "PrintLine_NoObjects", "PrintLine_NoObjects.csproj", "{290F3281-1176-4AAD-A6EA-BE6238C695E1}"
EndProject
Global
	GlobalSection(SolutionConfigurationPlatforms) = preSolution
		Debug|Any CPU = Debug|Any CPU
		Release|Any CPU = Release|Any CPU
	EndGlobalSection
	GlobalSection(ProjectConfigurationPlatforms) = postSolution
		{290F3281-1176-4AAD-A6EA-BE6238C695E1}.Debug|Any CPU.ActiveCfg = Debug|Any CPU
		{290F3281-1176-4AAD-A6EA-BE6238C695E1}.Debug|Any CPU.Build.0 = Debug|Any CPU
		{290F3281-1176-4AAD-A6EA-BE6238C695E1}.Release|Any CPU.ActiveCfg = Release|Any CPU
		{290F3281-1176-4AAD-A6EA-BE6238C695E1}.Release|Any CPU.Build.0 = Release|Any CPU
	EndGlobalSection
	GlobalSection(SolutionProperties) = preSolution
		HideSolutionNode = FALSE
	EndGlobalSection
	GlobalSection(ExtensibilityGlobals) = postSolution
		SolutionGuid = {75C58A90-5A9D-4157-A2B3-F0B143DEC77D}
	EndGlobalSection
EndGlobal
