
Microsoft Visual Studio Solution File, Format Version 12.00
# Visual Studio Version 16
VisualStudioVersion = 16.0.30907.101
MinimumVisualStudioVersion = 10.0.40219.1
Project("{FAE04EC0-301F-11D3-BF4B-00C04F79EFBC}") = "Person_Address", "Person_Address.csproj", "{926EC69D-FEFF-4DEC-9323-0720B69D9E95}"
EndProject
Global
	GlobalSection(SolutionConfigurationPlatforms) = preSolution
		Debug|Any CPU = Debug|Any CPU
		Release|Any CPU = Release|Any CPU
	EndGlobalSection
	GlobalSection(ProjectConfigurationPlatforms) = postSolution
		{926EC69D-FEFF-4DEC-9323-0720B69D9E95}.Debug|Any CPU.ActiveCfg = Debug|Any CPU
		{926EC69D-FEFF-4DEC-9323-0720B69D9E95}.Debug|Any CPU.Build.0 = Debug|Any CPU
		{926EC69D-FEFF-4DEC-9323-0720B69D9E95}.Release|Any CPU.ActiveCfg = Release|Any CPU
		{926EC69D-FEFF-4DEC-9323-0720B69D9E95}.Release|Any CPU.Build.0 = Release|Any CPU
	EndGlobalSection
	GlobalSection(SolutionProperties) = preSolution
		HideSolutionNode = FALSE
	EndGlobalSection
	GlobalSection(ExtensibilityGlobals) = postSolution
		SolutionGuid = {4299D68B-DCC9-4C15-9174-B73856A7EAC6}
	EndGlobalSection
EndGlobal
