
Microsoft Visual Studio Solution File, Format Version 12.00
# Visual Studio Version 16
VisualStudioVersion = 16.0.32126.315
MinimumVisualStudioVersion = 10.0.40219.1
Project("{FAE04EC0-301F-11D3-BF4B-00C04F79EFBC}") = "week5-task2", "week5-task2.csproj", "{39D2CF25-2343-4A5E-ABC7-B8D0CF6F4897}"
EndProject
Global
	GlobalSection(SolutionConfigurationPlatforms) = preSolution
		Debug|Any CPU = Debug|Any CPU
		Release|Any CPU = Release|Any CPU
	EndGlobalSection
	GlobalSection(ProjectConfigurationPlatforms) = postSolution
		{39D2CF25-2343-4A5E-ABC7-B8D0CF6F4897}.Debug|Any CPU.ActiveCfg = Debug|Any CPU
		{39D2CF25-2343-4A5E-ABC7-B8D0CF6F4897}.Debug|Any CPU.Build.0 = Debug|Any CPU
		{39D2CF25-2343-4A5E-ABC7-B8D0CF6F4897}.Release|Any CPU.ActiveCfg = Release|Any CPU
		{39D2CF25-2343-4A5E-ABC7-B8D0CF6F4897}.Release|Any CPU.Build.0 = Release|Any CPU
	EndGlobalSection
	GlobalSection(SolutionProperties) = preSolution
		HideSolutionNode = FALSE
	EndGlobalSection
	GlobalSection(ExtensibilityGlobals) = postSolution
		SolutionGuid = {FE590185-5792-4D29-A169-9DAB3223363A}
	EndGlobalSection
EndGlobal
