
Microsoft Visual Studio Solution File, Format Version 12.00
# Visual Studio Version 16
VisualStudioVersion = 16.0.32126.315
MinimumVisualStudioVersion = 10.0.40219.1
Project("{FAE04EC0-301F-11D3-BF4B-00C04F79EFBC}") = "Polimorphism_OOP", "Polimorphism_OOP.csproj", "{BD954E14-128E-4B85-8FEF-C88179DAFB76}"
EndProject
Global
	GlobalSection(SolutionConfigurationPlatforms) = preSolution
		Debug|Any CPU = Debug|Any CPU
		Release|Any CPU = Release|Any CPU
	EndGlobalSection
	GlobalSection(ProjectConfigurationPlatforms) = postSolution
		{BD954E14-128E-4B85-8FEF-C88179DAFB76}.Debug|Any CPU.ActiveCfg = Debug|Any CPU
		{BD954E14-128E-4B85-8FEF-C88179DAFB76}.Debug|Any CPU.Build.0 = Debug|Any CPU
		{BD954E14-128E-4B85-8FEF-C88179DAFB76}.Release|Any CPU.ActiveCfg = Release|Any CPU
		{BD954E14-128E-4B85-8FEF-C88179DAFB76}.Release|Any CPU.Build.0 = Release|Any CPU
	EndGlobalSection
	GlobalSection(SolutionProperties) = preSolution
		HideSolutionNode = FALSE
	EndGlobalSection
	GlobalSection(ExtensibilityGlobals) = postSolution
		SolutionGuid = {6F4DADE6-4293-4BE0-B0B1-D72AF018BA26}
	EndGlobalSection
EndGlobal
