
Microsoft Visual Studio Solution File, Format Version 12.00
# Visual Studio Version 16
VisualStudioVersion = 16.0.28803.156
MinimumVisualStudioVersion = 10.0.40219.1
Project("{FAE04EC0-301F-11D3-BF4B-00C04F79EFBC}") = "PersonInheritance2", "PersonInheritance2\PersonInheritance2.csproj", "{5DC9CB60-B7CA-4FCA-BD24-7C69F8902F23}"
EndProject
Global
	GlobalSection(SolutionConfigurationPlatforms) = preSolution
		Debug|Any CPU = Debug|Any CPU
		Release|Any CPU = Release|Any CPU
	EndGlobalSection
	GlobalSection(ProjectConfigurationPlatforms) = postSolution
		{5DC9CB60-B7CA-4FCA-BD24-7C69F8902F23}.Debug|Any CPU.ActiveCfg = Debug|Any CPU
		{5DC9CB60-B7CA-4FCA-BD24-7C69F8902F23}.Debug|Any CPU.Build.0 = Debug|Any CPU
		{5DC9CB60-B7CA-4FCA-BD24-7C69F8902F23}.Release|Any CPU.ActiveCfg = Release|Any CPU
		{5DC9CB60-B7CA-4FCA-BD24-7C69F8902F23}.Release|Any CPU.Build.0 = Release|Any CPU
	EndGlobalSection
	GlobalSection(SolutionProperties) = preSolution
		HideSolutionNode = FALSE
	EndGlobalSection
	GlobalSection(ExtensibilityGlobals) = postSolution
		SolutionGuid = {E6C456B3-F9BD-4CFD-8E07-38E025132272}
	EndGlobalSection
EndGlobal
