
Microsoft Visual Studio Solution File, Format Version 12.00
# Visual Studio Version 16
VisualStudioVersion = 16.0.32126.315
MinimumVisualStudioVersion = 10.0.40219.1
Project("{FAE04EC0-301F-11D3-BF4B-00C04F79EFBC}") = "calculator", "calculator.csproj", "{D17286A4-4BB4-4D2F-BFDB-6B304A751FBD}"
EndProject
Global
	GlobalSection(SolutionConfigurationPlatforms) = preSolution
		Debug|Any CPU = Debug|Any CPU
		Release|Any CPU = Release|Any CPU
	EndGlobalSection
	GlobalSection(ProjectConfigurationPlatforms) = postSolution
		{D17286A4-4BB4-4D2F-BFDB-6B304A751FBD}.Debug|Any CPU.ActiveCfg = Debug|Any CPU
		{D17286A4-4BB4-4D2F-BFDB-6B304A751FBD}.Debug|Any CPU.Build.0 = Debug|Any CPU
		{D17286A4-4BB4-4D2F-BFDB-6B304A751FBD}.Release|Any CPU.ActiveCfg = Release|Any CPU
		{D17286A4-4BB4-4D2F-BFDB-6B304A751FBD}.Release|Any CPU.Build.0 = Release|Any CPU
	EndGlobalSection
	GlobalSection(SolutionProperties) = preSolution
		HideSolutionNode = FALSE
	EndGlobalSection
	GlobalSection(ExtensibilityGlobals) = postSolution
		SolutionGuid = {1CD15234-CF7F-4093-8450-F96E3A7FB2EB}
	EndGlobalSection
EndGlobal
