
Microsoft Visual Studio Solution File, Format Version 12.00
# Visual Studio Version 16
VisualStudioVersion = 16.0.32126.315
MinimumVisualStudioVersion = 10.0.40219.1
Project("{FAE04EC0-301F-11D3-BF4B-00C04F79EFBC}") = "w01-task3", "w01-task3.csproj", "{B54A003B-1B17-4CC4-A203-CFFA7BFCB35F}"
EndProject
Global
	GlobalSection(SolutionConfigurationPlatforms) = preSolution
		Debug|Any CPU = Debug|Any CPU
		Release|Any CPU = Release|Any CPU
	EndGlobalSection
	GlobalSection(ProjectConfigurationPlatforms) = postSolution
		{B54A003B-1B17-4CC4-A203-CFFA7BFCB35F}.Debug|Any CPU.ActiveCfg = Debug|Any CPU
		{B54A003B-1B17-4CC4-A203-CFFA7BFCB35F}.Debug|Any CPU.Build.0 = Debug|Any CPU
		{B54A003B-1B17-4CC4-A203-CFFA7BFCB35F}.Release|Any CPU.ActiveCfg = Release|Any CPU
		{B54A003B-1B17-4CC4-A203-CFFA7BFCB35F}.Release|Any CPU.Build.0 = Release|Any CPU
	EndGlobalSection
	GlobalSection(SolutionProperties) = preSolution
		HideSolutionNode = FALSE
	EndGlobalSection
	GlobalSection(ExtensibilityGlobals) = postSolution
		SolutionGuid = {AB981FCE-D52F-4C49-B95D-79DAFDE679EA}
	EndGlobalSection
EndGlobal
