
Microsoft Visual Studio Solution File, Format Version 12.00
# Visual Studio Version 16
VisualStudioVersion = 16.0.28803.156
MinimumVisualStudioVersion = 10.0.40219.1
Project("{FAE04EC0-301F-11D3-BF4B-00C04F79EFBC}") = "PersonInheritance", "PersonInheritance\PersonInheritance.csproj", "{A8BD0C94-8C0C-4DFF-A9C1-222691EE3DEC}"
EndProject
Global
	GlobalSection(SolutionConfigurationPlatforms) = preSolution
		Debug|Any CPU = Debug|Any CPU
		Release|Any CPU = Release|Any CPU
	EndGlobalSection
	GlobalSection(ProjectConfigurationPlatforms) = postSolution
		{A8BD0C94-8C0C-4DFF-A9C1-222691EE3DEC}.Debug|Any CPU.ActiveCfg = Debug|Any CPU
		{A8BD0C94-8C0C-4DFF-A9C1-222691EE3DEC}.Debug|Any CPU.Build.0 = Debug|Any CPU
		{A8BD0C94-8C0C-4DFF-A9C1-222691EE3DEC}.Release|Any CPU.ActiveCfg = Release|Any CPU
		{A8BD0C94-8C0C-4DFF-A9C1-222691EE3DEC}.Release|Any CPU.Build.0 = Release|Any CPU
	EndGlobalSection
	GlobalSection(SolutionProperties) = preSolution
		HideSolutionNode = FALSE
	EndGlobalSection
	GlobalSection(ExtensibilityGlobals) = postSolution
		SolutionGuid = {1A6B5F18-EC22-438A-ACC5-6DF59902F567}
	EndGlobalSection
EndGlobal
