
Microsoft Visual Studio Solution File, Format Version 12.00
# Visual Studio Version 16
VisualStudioVersion = 16.0.30907.101
MinimumVisualStudioVersion = 10.0.40219.1
Project("{FAE04EC0-301F-11D3-BF4B-00C04F79EFBC}") = "InputOutputProject", "InputOutputProject.csproj", "{FC1A4F50-B113-4C75-AF40-67FBB5FE04C9}"
EndProject
Global
	GlobalSection(SolutionConfigurationPlatforms) = preSolution
		Debug|Any CPU = Debug|Any CPU
		Release|Any CPU = Release|Any CPU
	EndGlobalSection
	GlobalSection(ProjectConfigurationPlatforms) = postSolution
		{FC1A4F50-B113-4C75-AF40-67FBB5FE04C9}.Debug|Any CPU.ActiveCfg = Debug|Any CPU
		{FC1A4F50-B113-4C75-AF40-67FBB5FE04C9}.Debug|Any CPU.Build.0 = Debug|Any CPU
		{FC1A4F50-B113-4C75-AF40-67FBB5FE04C9}.Release|Any CPU.ActiveCfg = Release|Any CPU
		{FC1A4F50-B113-4C75-AF40-67FBB5FE04C9}.Release|Any CPU.Build.0 = Release|Any CPU
	EndGlobalSection
	GlobalSection(SolutionProperties) = preSolution
		HideSolutionNode = FALSE
	EndGlobalSection
	GlobalSection(ExtensibilityGlobals) = postSolution
		SolutionGuid = {CDFDF8D5-4F4B-413D-84A0-04E2B04E07BE}
	EndGlobalSection
EndGlobal
