
Microsoft Visual Studio Solution File, Format Version 12.00
# Visual Studio Version 16
VisualStudioVersion = 16.0.30907.101
MinimumVisualStudioVersion = 10.0.40219.1
Project("{FAE04EC0-301F-11D3-BF4B-00C04F79EFBC}") = "IterationExample", "IterationExample.csproj", "{B2CCED24-8BE9-4A7E-8B78-59D821E7A3BF}"
EndProject
Global
	GlobalSection(SolutionConfigurationPlatforms) = preSolution
		Debug|Any CPU = Debug|Any CPU
		Release|Any CPU = Release|Any CPU
	EndGlobalSection
	GlobalSection(ProjectConfigurationPlatforms) = postSolution
		{B2CCED24-8BE9-4A7E-8B78-59D821E7A3BF}.Debug|Any CPU.ActiveCfg = Debug|Any CPU
		{B2CCED24-8BE9-4A7E-8B78-59D821E7A3BF}.Debug|Any CPU.Build.0 = Debug|Any CPU
		{B2CCED24-8BE9-4A7E-8B78-59D821E7A3BF}.Release|Any CPU.ActiveCfg = Release|Any CPU
		{B2CCED24-8BE9-4A7E-8B78-59D821E7A3BF}.Release|Any CPU.Build.0 = Release|Any CPU
	EndGlobalSection
	GlobalSection(SolutionProperties) = preSolution
		HideSolutionNode = FALSE
	EndGlobalSection
	GlobalSection(ExtensibilityGlobals) = postSolution
		SolutionGuid = {702A1B2F-7B02-4D43-9A58-4003596296A7}
	EndGlobalSection
EndGlobal
