
Microsoft Visual Studio Solution File, Format Version 12.00
# Visual Studio Version 16
VisualStudioVersion = 16.0.32126.315
MinimumVisualStudioVersion = 10.0.40219.1
Project("{FAE04EC0-301F-11D3-BF4B-00C04F79EFBC}") = "week03-task2", "week03-task2.csproj", "{AAF444DA-87BE-49E5-99AD-16567659121B}"
EndProject
Global
	GlobalSection(SolutionConfigurationPlatforms) = preSolution
		Debug|Any CPU = Debug|Any CPU
		Release|Any CPU = Release|Any CPU
	EndGlobalSection
	GlobalSection(ProjectConfigurationPlatforms) = postSolution
		{AAF444DA-87BE-49E5-99AD-16567659121B}.Debug|Any CPU.ActiveCfg = Debug|Any CPU
		{AAF444DA-87BE-49E5-99AD-16567659121B}.Debug|Any CPU.Build.0 = Debug|Any CPU
		{AAF444DA-87BE-49E5-99AD-16567659121B}.Release|Any CPU.ActiveCfg = Release|Any CPU
		{AAF444DA-87BE-49E5-99AD-16567659121B}.Release|Any CPU.Build.0 = Release|Any CPU
	EndGlobalSection
	GlobalSection(SolutionProperties) = preSolution
		HideSolutionNode = FALSE
	EndGlobalSection
	GlobalSection(ExtensibilityGlobals) = postSolution
		SolutionGuid = {C88C92C3-DEDC-49D8-BC5C-84D85616FAE6}
	EndGlobalSection
EndGlobal
