
Microsoft Visual Studio Solution File, Format Version 12.00
# Visual Studio Version 16
VisualStudioVersion = 16.0.28803.156
MinimumVisualStudioVersion = 10.0.40219.1
Project("{FAE04EC0-301F-11D3-BF4B-00C04F79EFBC}") = "PersonInheritance4", "PersonInheritance4\PersonInheritance4.csproj", "{BE250553-866D-4A5B-B2CA-2CC0E42FB63E}"
EndProject
Global
	GlobalSection(SolutionConfigurationPlatforms) = preSolution
		Debug|Any CPU = Debug|Any CPU
		Release|Any CPU = Release|Any CPU
	EndGlobalSection
	GlobalSection(ProjectConfigurationPlatforms) = postSolution
		{BE250553-866D-4A5B-B2CA-2CC0E42FB63E}.Debug|Any CPU.ActiveCfg = Debug|Any CPU
		{BE250553-866D-4A5B-B2CA-2CC0E42FB63E}.Debug|Any CPU.Build.0 = Debug|Any CPU
		{BE250553-866D-4A5B-B2CA-2CC0E42FB63E}.Release|Any CPU.ActiveCfg = Release|Any CPU
		{BE250553-866D-4A5B-B2CA-2CC0E42FB63E}.Release|Any CPU.Build.0 = Release|Any CPU
	EndGlobalSection
	GlobalSection(SolutionProperties) = preSolution
		HideSolutionNode = FALSE
	EndGlobalSection
	GlobalSection(ExtensibilityGlobals) = postSolution
		SolutionGuid = {AC64921A-E8D6-414C-AD2F-6FBA619DAC56}
	EndGlobalSection
EndGlobal
