
Microsoft Visual Studio Solution File, Format Version 12.00
# Visual Studio Version 16
VisualStudioVersion = 16.0.30907.101
MinimumVisualStudioVersion = 10.0.40219.1
Project("{FAE04EC0-301F-11D3-BF4B-00C04F79EFBC}") = "Average_NoObjects", "Average_NoObjects.csproj", "{69B8C56E-F90B-457E-8B19-9911D3F47011}"
EndProject
Global
	GlobalSection(SolutionConfigurationPlatforms) = preSolution
		Debug|Any CPU = Debug|Any CPU
		Release|Any CPU = Release|Any CPU
	EndGlobalSection
	GlobalSection(ProjectConfigurationPlatforms) = postSolution
		{69B8C56E-F90B-457E-8B19-9911D3F47011}.Debug|Any CPU.ActiveCfg = Debug|Any CPU
		{69B8C56E-F90B-457E-8B19-9911D3F47011}.Debug|Any CPU.Build.0 = Debug|Any CPU
		{69B8C56E-F90B-457E-8B19-9911D3F47011}.Release|Any CPU.ActiveCfg = Release|Any CPU
		{69B8C56E-F90B-457E-8B19-9911D3F47011}.Release|Any CPU.Build.0 = Release|Any CPU
	EndGlobalSection
	GlobalSection(SolutionProperties) = preSolution
		HideSolutionNode = FALSE
	EndGlobalSection
	GlobalSection(ExtensibilityGlobals) = postSolution
		SolutionGuid = {E0718AC6-62AA-4C0A-AD70-25EDD8771602}
	EndGlobalSection
EndGlobal
